
Microsoft Visual Studio Solution File, Format Version 12.00
# Visual Studio Version 17
VisualStudioVersion = 17.11.35222.181
MinimumVisualStudioVersion = 10.0.40219.1
Project("{2150E333-8FDC-42A3-9474-1A3956D46DE8}") = "Task0", "Task0", "{3F524C37-EEA9-4B39-966A-AA0A29D7F737}"
EndProject
Project("{9A19103F-16F7-4668-BE54-9A1E7A4F7556}") = "Tyuiu.BrovkinAA.Sprint0.Task0.V0", "Tyuiu.BrovkinAA.Sprint0.Task0.V0\Tyuiu.BrovkinAA.Sprint0.Task0.V0.csproj", "{B5579842-6DF1-4EDE-AFBD-F66988D57CED}"
EndProject
Project("{2150E333-8FDC-42A3-9474-1A3956D46DE8}") = "Task1", "Task1", "{9B1272FE-96FA-4652-8100-5AE1CAEB6874}"
EndProject
Project("{9A19103F-16F7-4668-BE54-9A1E7A4F7556}") = "Tyuiu.BrovkinAA.Sprint0.Task1.V0", "Tyuiu.BrovkinAA.Sprint0.Task1.V0\Tyuiu.BrovkinAA.Sprint0.Task1.V0.csproj", "{EF54D5F5-FDED-4B9B-8AD7-150BA71EF0CB}"
EndProject
Project("{2150E333-8FDC-42A3-9474-1A3956D46DE8}") = "Task2", "Task2", "{75953FA8-1906-43DF-8B22-01E1D38EE393}"
EndProject
Project("{FAE04EC0-301F-11D3-BF4B-00C04F79EFBC}") = "Tyuiu.BrovkinAA.Sprint0.Task2.V0", "Tyuiu.BrovkinAA.Sprint0.Task2.V0\Tyuiu.BrovkinAA.Sprint0.Task2.V0.csproj", "{89A50DAB-DEF0-4BE7-8212-452FC8A89BC4}"
EndProject
Project("{FAE04EC0-301F-11D3-BF4B-00C04F79EFBC}") = "Tyuiu.BrovkinAA.Sprint0.Task2.V0.Lib", "Tyuiu.BrovkinAA.Sprint0.Task2.V0.Lib\Tyuiu.BrovkinAA.Sprint0.Task2.V0.Lib.csproj", "{8700F9EC-4A56-40A4-85E9-587561493CD6}"
EndProject
Project("{FAE04EC0-301F-11D3-BF4B-00C04F79EFBC}") = "Tyuiu.BrovkinAA.Sprint0.Task2.V0.Test", "Tyuiu.BrovkinAA.Sprint0.Task2.V0.Test\Tyuiu.BrovkinAA.Sprint0.Task2.V0.Test.csproj", "{954BF91A-ADE0-440F-9A61-66F389EBACFB}"
EndProject
Project("{2150E333-8FDC-42A3-9474-1A3956D46DE8}") = "Task3", "Task3", "{628326E1-BA40-4C64-9A91-91D04ACF99AF}"
EndProject
Project("{FAE04EC0-301F-11D3-BF4B-00C04F79EFBC}") = "Tyuiu.BrovkinAA.Sprint0.Task3.V0", "Tyuiu.BrovkinAA.Sprint0.Task3.V0\Tyuiu.BrovkinAA.Sprint0.Task3.V0.csproj", "{A8B6DB13-9754-4AC0-8A78-B2859C8FBD9F}"
EndProject
Project("{FAE04EC0-301F-11D3-BF4B-00C04F79EFBC}") = "Tyuiu.BrovkinAA.Sprint0.Task3.V0.Lib", "Tyuiu.BrovkinAA.Sprint0.Task3.V0.Lib\Tyuiu.BrovkinAA.Sprint0.Task3.V0.Lib.csproj", "{76A0F12C-EE77-478D-AFD3-AE415605B4DB}"
EndProject
Project("{FAE04EC0-301F-11D3-BF4B-00C04F79EFBC}") = "Tyuiu.BrovkinAA.Sprint0.Task3.V0.Test", "Tyuiu.BrovkinAA.Sprint0.Task3.V0.Test\Tyuiu.BrovkinAA.Sprint0.Task3.V0.Test.csproj", "{CDE7651B-03C3-415C-99C2-16B341000BEC}"
EndProject
Project("{2150E333-8FDC-42A3-9474-1A3956D46DE8}") = "Task4", "Task4", "{4241DFF9-6D30-4AF6-8BC1-EB49F712DEC1}"
EndProject
Project("{FAE04EC0-301F-11D3-BF4B-00C04F79EFBC}") = "Tyuiu.BrovkinAA.Sprint0.Task4.V0", "Tyuiu.BrovkinAA.Sprint0.Task4.V0\Tyuiu.BrovkinAA.Sprint0.Task4.V0.csproj", "{06F69E50-7E8C-4401-A51A-D6260CA165FA}"
EndProject
Project("{FAE04EC0-301F-11D3-BF4B-00C04F79EFBC}") = "Tyuiu.BrovkinAA.Sprint0.Task4.V0.Lib", "Tyuiu.BrovkinAA.Sprint0.Task4.V0.Lib\Tyuiu.BrovkinAA.Sprint0.Task4.V0.Lib.csproj", "{FCA9BCA5-DB51-407C-AD00-64B394E75FB2}"
EndProject
Project("{FAE04EC0-301F-11D3-BF4B-00C04F79EFBC}") = "Tyuiu.BrovkinAA.Sprint0.Task4.V0.Test", "Tyuiu.BrovkinAA.Sprint0.Task4.V0.Test\Tyuiu.BrovkinAA.Sprint0.Task4.V0.Test.csproj", "{F110E4BA-D32E-435B-BED0-FB5A78D84DC6}"
EndProject
Project("{2150E333-8FDC-42A3-9474-1A3956D46DE8}") = "Task5", "Task5", "{702F6E16-5E22-49A9-93BC-F0F55A773F7F}"
EndProject
Project("{FAE04EC0-301F-11D3-BF4B-00C04F79EFBC}") = "Tyuiu.BrovkinAA.Sprint0.Task5.V0", "Tyuiu.BrovkinAA.Sprint0.Task5.V0\Tyuiu.BrovkinAA.Sprint0.Task5.V0.csproj", "{6EE21EEF-028E-4AB8-BEF0-9F7C1524E3A1}"
EndProject
Project("{FAE04EC0-301F-11D3-BF4B-00C04F79EFBC}") = "Tyuiu.BrovkinAA.Sprint0.Task5.V0.Lib", "Tyuiu.BrovkinAA.Sprint0.Task5.V0.Lib\Tyuiu.BrovkinAA.Sprint0.Task5.V0.Lib.csproj", "{ACF6CB13-E0D7-4C09-B846-F0072074A974}"
EndProject
Project("{FAE04EC0-301F-11D3-BF4B-00C04F79EFBC}") = "Tyuiu.BrovkinAA.Sprint0.Task5.V0.Test", "Tyuiu.BrovkinAA.Sprint0.Task5.V0.Test\Tyuiu.BrovkinAA.Sprint0.Task5.V0.Test.csproj", "{AB917DCC-3209-4C96-BE1D-274FA5309F78}"
EndProject
Global
	GlobalSection(SolutionConfigurationPlatforms) = preSolution
		Debug|Any CPU = Debug|Any CPU
		Release|Any CPU = Release|Any CPU
	EndGlobalSection
	GlobalSection(ProjectConfigurationPlatforms) = postSolution
		{B5579842-6DF1-4EDE-AFBD-F66988D57CED}.Debug|Any CPU.ActiveCfg = Debug|Any CPU
		{B5579842-6DF1-4EDE-AFBD-F66988D57CED}.Debug|Any CPU.Build.0 = Debug|Any CPU
		{B5579842-6DF1-4EDE-AFBD-F66988D57CED}.Release|Any CPU.ActiveCfg = Release|Any CPU
		{B5579842-6DF1-4EDE-AFBD-F66988D57CED}.Release|Any CPU.Build.0 = Release|Any CPU
		{EF54D5F5-FDED-4B9B-8AD7-150BA71EF0CB}.Debug|Any CPU.ActiveCfg = Debug|Any CPU
		{EF54D5F5-FDED-4B9B-8AD7-150BA71EF0CB}.Debug|Any CPU.Build.0 = Debug|Any CPU
		{EF54D5F5-FDED-4B9B-8AD7-150BA71EF0CB}.Release|Any CPU.ActiveCfg = Release|Any CPU
		{EF54D5F5-FDED-4B9B-8AD7-150BA71EF0CB}.Release|Any CPU.Build.0 = Release|Any CPU
		{89A50DAB-DEF0-4BE7-8212-452FC8A89BC4}.Debug|Any CPU.ActiveCfg = Debug|Any CPU
		{89A50DAB-DEF0-4BE7-8212-452FC8A89BC4}.Debug|Any CPU.Build.0 = Debug|Any CPU
		{89A50DAB-DEF0-4BE7-8212-452FC8A89BC4}.Release|Any CPU.ActiveCfg = Release|Any CPU
		{89A50DAB-DEF0-4BE7-8212-452FC8A89BC4}.Release|Any CPU.Build.0 = Release|Any CPU
		{8700F9EC-4A56-40A4-85E9-587561493CD6}.Debug|Any CPU.ActiveCfg = Debug|Any CPU
		{8700F9EC-4A56-40A4-85E9-587561493CD6}.Debug|Any CPU.Build.0 = Debug|Any CPU
		{8700F9EC-4A56-40A4-85E9-587561493CD6}.Release|Any CPU.ActiveCfg = Release|Any CPU
		{8700F9EC-4A56-40A4-85E9-587561493CD6}.Release|Any CPU.Build.0 = Release|Any CPU
		{954BF91A-ADE0-440F-9A61-66F389EBACFB}.Debug|Any CPU.ActiveCfg = Debug|Any CPU
		{954BF91A-ADE0-440F-9A61-66F389EBACFB}.Debug|Any CPU.Build.0 = Debug|Any CPU
		{954BF91A-ADE0-440F-9A61-66F389EBACFB}.Release|Any CPU.ActiveCfg = Release|Any CPU
		{954BF91A-ADE0-440F-9A61-66F389EBACFB}.Release|Any CPU.Build.0 = Release|Any CPU
		{A8B6DB13-9754-4AC0-8A78-B2859C8FBD9F}.Debug|Any CPU.ActiveCfg = Debug|Any CPU
		{A8B6DB13-9754-4AC0-8A78-B2859C8FBD9F}.Debug|Any CPU.Build.0 = Debug|Any CPU
		{A8B6DB13-9754-4AC0-8A78-B2859C8FBD9F}.Release|Any CPU.ActiveCfg = Release|Any CPU
		{A8B6DB13-9754-4AC0-8A78-B2859C8FBD9F}.Release|Any CPU.Build.0 = Release|Any CPU
		{76A0F12C-EE77-478D-AFD3-AE415605B4DB}.Debug|Any CPU.ActiveCfg = Debug|Any CPU
		{76A0F12C-EE77-478D-AFD3-AE415605B4DB}.Debug|Any CPU.Build.0 = Debug|Any CPU
		{76A0F12C-EE77-478D-AFD3-AE415605B4DB}.Release|Any CPU.ActiveCfg = Release|Any CPU
		{76A0F12C-EE77-478D-AFD3-AE415605B4DB}.Release|Any CPU.Build.0 = Release|Any CPU
		{CDE7651B-03C3-415C-99C2-16B341000BEC}.Debug|Any CPU.ActiveCfg = Debug|Any CPU
		{CDE7651B-03C3-415C-99C2-16B341000BEC}.Debug|Any CPU.Build.0 = Debug|Any CPU
		{CDE7651B-03C3-415C-99C2-16B341000BEC}.Release|Any CPU.ActiveCfg = Release|Any CPU
		{CDE7651B-03C3-415C-99C2-16B341000BEC}.Release|Any CPU.Build.0 = Release|Any CPU
		{06F69E50-7E8C-4401-A51A-D6260CA165FA}.Debug|Any CPU.ActiveCfg = Debug|Any CPU
		{06F69E50-7E8C-4401-A51A-D6260CA165FA}.Debug|Any CPU.Build.0 = Debug|Any CPU
		{06F69E50-7E8C-4401-A51A-D6260CA165FA}.Release|Any CPU.ActiveCfg = Release|Any CPU
		{06F69E50-7E8C-4401-A51A-D6260CA165FA}.Release|Any CPU.Build.0 = Release|Any CPU
		{FCA9BCA5-DB51-407C-AD00-64B394E75FB2}.Debug|Any CPU.ActiveCfg = Debug|Any CPU
		{FCA9BCA5-DB51-407C-AD00-64B394E75FB2}.Debug|Any CPU.Build.0 = Debug|Any CPU
		{FCA9BCA5-DB51-407C-AD00-64B394E75FB2}.Release|Any CPU.ActiveCfg = Release|Any CPU
		{FCA9BCA5-DB51-407C-AD00-64B394E75FB2}.Release|Any CPU.Build.0 = Release|Any CPU
		{F110E4BA-D32E-435B-BED0-FB5A78D84DC6}.Debug|Any CPU.ActiveCfg = Debug|Any CPU
		{F110E4BA-D32E-435B-BED0-FB5A78D84DC6}.Debug|Any CPU.Build.0 = Debug|Any CPU
		{F110E4BA-D32E-435B-BED0-FB5A78D84DC6}.Release|Any CPU.ActiveCfg = Release|Any CPU
		{F110E4BA-D32E-435B-BED0-FB5A78D84DC6}.Release|Any CPU.Build.0 = Release|Any CPU
		{6EE21EEF-028E-4AB8-BEF0-9F7C1524E3A1}.Debug|Any CPU.ActiveCfg = Debug|Any CPU
		{6EE21EEF-028E-4AB8-BEF0-9F7C1524E3A1}.Debug|Any CPU.Build.0 = Debug|Any CPU
		{6EE21EEF-028E-4AB8-BEF0-9F7C1524E3A1}.Release|Any CPU.ActiveCfg = Release|Any CPU
		{6EE21EEF-028E-4AB8-BEF0-9F7C1524E3A1}.Release|Any CPU.Build.0 = Release|Any CPU
		{ACF6CB13-E0D7-4C09-B846-F0072074A974}.Debug|Any CPU.ActiveCfg = Debug|Any CPU
		{ACF6CB13-E0D7-4C09-B846-F0072074A974}.Debug|Any CPU.Build.0 = Debug|Any CPU
		{ACF6CB13-E0D7-4C09-B846-F0072074A974}.Release|Any CPU.ActiveCfg = Release|Any CPU
		{ACF6CB13-E0D7-4C09-B846-F0072074A974}.Release|Any CPU.Build.0 = Release|Any CPU
		{AB917DCC-3209-4C96-BE1D-274FA5309F78}.Debug|Any CPU.ActiveCfg = Debug|Any CPU
		{AB917DCC-3209-4C96-BE1D-274FA5309F78}.Debug|Any CPU.Build.0 = Debug|Any CPU
		{AB917DCC-3209-4C96-BE1D-274FA5309F78}.Release|Any CPU.ActiveCfg = Release|Any CPU
		{AB917DCC-3209-4C96-BE1D-274FA5309F78}.Release|Any CPU.Build.0 = Release|Any CPU
	EndGlobalSection
	GlobalSection(SolutionProperties) = preSolution
		HideSolutionNode = FALSE
	EndGlobalSection
	GlobalSection(NestedProjects) = preSolution
		{B5579842-6DF1-4EDE-AFBD-F66988D57CED} = {3F524C37-EEA9-4B39-966A-AA0A29D7F737}
		{EF54D5F5-FDED-4B9B-8AD7-150BA71EF0CB} = {9B1272FE-96FA-4652-8100-5AE1CAEB6874}
		{89A50DAB-DEF0-4BE7-8212-452FC8A89BC4} = {75953FA8-1906-43DF-8B22-01E1D38EE393}
		{8700F9EC-4A56-40A4-85E9-587561493CD6} = {75953FA8-1906-43DF-8B22-01E1D38EE393}
		{954BF91A-ADE0-440F-9A61-66F389EBACFB} = {75953FA8-1906-43DF-8B22-01E1D38EE393}
		{A8B6DB13-9754-4AC0-8A78-B2859C8FBD9F} = {628326E1-BA40-4C64-9A91-91D04ACF99AF}
		{76A0F12C-EE77-478D-AFD3-AE415605B4DB} = {628326E1-BA40-4C64-9A91-91D04ACF99AF}
		{CDE7651B-03C3-415C-99C2-16B341000BEC} = {628326E1-BA40-4C64-9A91-91D04ACF99AF}
		{06F69E50-7E8C-4401-A51A-D6260CA165FA} = {4241DFF9-6D30-4AF6-8BC1-EB49F712DEC1}
		{FCA9BCA5-DB51-407C-AD00-64B394E75FB2} = {4241DFF9-6D30-4AF6-8BC1-EB49F712DEC1}
		{F110E4BA-D32E-435B-BED0-FB5A78D84DC6} = {4241DFF9-6D30-4AF6-8BC1-EB49F712DEC1}
		{6EE21EEF-028E-4AB8-BEF0-9F7C1524E3A1} = {702F6E16-5E22-49A9-93BC-F0F55A773F7F}
		{ACF6CB13-E0D7-4C09-B846-F0072074A974} = {702F6E16-5E22-49A9-93BC-F0F55A773F7F}
		{AB917DCC-3209-4C96-BE1D-274FA5309F78} = {702F6E16-5E22-49A9-93BC-F0F55A773F7F}
	EndGlobalSection
	GlobalSection(ExtensibilityGlobals) = postSolution
		SolutionGuid = {EBDED560-63AF-4102-9281-54009C414882}
	EndGlobalSection
EndGlobal
